
Microsoft Visual Studio Solution File, Format Version 12.00
# Visual Studio Version 17
VisualStudioVersion = 17.0.32014.148
MinimumVisualStudioVersion = 10.0.40219.1
Project("{9A19103F-16F7-4668-BE54-9A1E7A4F7556}") = "PredictionService.API", "PredictionService.API\PredictionService.API.csproj", "{A5F5CDE6-06F3-4D71-8DD2-10A372982787}"
EndProject
Project("{9A19103F-16F7-4668-BE54-9A1E7A4F7556}") = "PredictionService.Sender", "PredictionService.Sender\PredictionService.Sender.csproj", "{A77DE229-CE79-4CE4-A59B-612BB194E572}"
EndProject
Project("{E53339B2-1760-4266-BCC7-CA923CBCF16C}") = "docker-compose", "docker-compose.dcproj", "{70D6A33F-F372-4D1D-A499-4D694F00E884}"
EndProject
Global
	GlobalSection(SolutionConfigurationPlatforms) = preSolution
		Debug|Any CPU = Debug|Any CPU
		Release|Any CPU = Release|Any CPU
	EndGlobalSection
	GlobalSection(ProjectConfigurationPlatforms) = postSolution
		{A5F5CDE6-06F3-4D71-8DD2-10A372982787}.Debug|Any CPU.ActiveCfg = Debug|Any CPU
		{A5F5CDE6-06F3-4D71-8DD2-10A372982787}.Debug|Any CPU.Build.0 = Debug|Any CPU
		{A5F5CDE6-06F3-4D71-8DD2-10A372982787}.Release|Any CPU.ActiveCfg = Release|Any CPU
		{A5F5CDE6-06F3-4D71-8DD2-10A372982787}.Release|Any CPU.Build.0 = Release|Any CPU
		{A77DE229-CE79-4CE4-A59B-612BB194E572}.Debug|Any CPU.ActiveCfg = Debug|Any CPU
		{A77DE229-CE79-4CE4-A59B-612BB194E572}.Debug|Any CPU.Build.0 = Debug|Any CPU
		{A77DE229-CE79-4CE4-A59B-612BB194E572}.Release|Any CPU.ActiveCfg = Release|Any CPU
		{A77DE229-CE79-4CE4-A59B-612BB194E572}.Release|Any CPU.Build.0 = Release|Any CPU
		{70D6A33F-F372-4D1D-A499-4D694F00E884}.Debug|Any CPU.ActiveCfg = Debug|Any CPU
		{70D6A33F-F372-4D1D-A499-4D694F00E884}.Debug|Any CPU.Build.0 = Debug|Any CPU
		{70D6A33F-F372-4D1D-A499-4D694F00E884}.Release|Any CPU.ActiveCfg = Release|Any CPU
		{70D6A33F-F372-4D1D-A499-4D694F00E884}.Release|Any CPU.Build.0 = Release|Any CPU
	EndGlobalSection
	GlobalSection(SolutionProperties) = preSolution
		HideSolutionNode = FALSE
	EndGlobalSection
	GlobalSection(ExtensibilityGlobals) = postSolution
		SolutionGuid = {A7648E53-5756-483D-BA2E-D62E2F2E22A9}
	EndGlobalSection
EndGlobal
